{
  "name": "axivon-one",
  "version": "1.0.0-phase1.0",
  "lockfileVersion": 3,
  "requires": true,
  "packages": {
    "": {
      "name": "axivon-one",
      "version": "1.0.0-phase1.0",
      "license": "UNLICENSED",
      "workspaces": [
        "apps/*",
        "packages/*",
        "modules/core/*"
      ],
      "devDependencies": {
        "@types/node": "^20.11.24",
        "typescript": "^5.3.3"
      }
    },
    "apps/backend": {
      "name": "@axivon/backend",
      "version": "1.0.0-phase1.0",
      "dependencies": {
        "@axivon/config": "*",
        "@axivon/types": "*",
        "@axivon/utils": "*",
        "@axivon/validation": "*"
      }
    },
    "apps/frontend": {
      "name": "@axivon/frontend",
      "version": "1.0.0-phase1.0",
      "dependencies": {
        "@axivon/types": "*",
        "@axivon/ui": "*",
        "@axivon/utils": "*",
        "@axivon/validation": "*"
      }
    },
    "modules/core/audit-logs": {
      "name": "@axivon/core-audit-logs",
      "version": "1.0.0-phase1.0"
    },
    "modules/core/authentication": {
      "name": "@axivon/core-authentication",
      "version": "1.0.0-phase1.0"
    },
    "modules/core/dashboard": {
      "name": "@axivon/core-dashboard",
      "version": "1.0.0-phase1.0"
    },
    "modules/core/file-management": {
      "name": "@axivon/core-file-management",
      "version": "1.0.0-phase1.0"
    },
    "modules/core/notifications": {
      "name": "@axivon/core-notifications",
      "version": "1.0.0-phase1.0"
    },
    "modules/core/organization-management": {
      "name": "@axivon/core-organization-management",
      "version": "1.0.0-phase1.0"
    },
    "modules/core/permission-management": {
      "name": "@axivon/core-permission-management",
      "version": "1.0.0-phase1.0"
    },
    "modules/core/reporting-foundation": {
      "name": "@axivon/core-reporting-foundation",
      "version": "1.0.0-phase1.0"
    },
    "modules/core/role-management": {
      "name": "@axivon/core-role-management",
      "version": "1.0.0-phase1.0"
    },
    "modules/core/search": {
      "name": "@axivon/core-search",
      "version": "1.0.0-phase1.0"
    },
    "modules/core/settings": {
      "name": "@axivon/core-settings",
      "version": "1.0.0-phase1.0"
    },
    "modules/core/user-management": {
      "name": "@axivon/core-user-management",
      "version": "1.0.0-phase1.0"
    },
    "node_modules/@axivon/backend": {
      "resolved": "apps/backend",
      "link": true
    },
    "node_modules/@axivon/config": {
      "resolved": "packages/config",
      "link": true
    },
    "node_modules/@axivon/core-audit-logs": {
      "resolved": "modules/core/audit-logs",
      "link": true
    },
    "node_modules/@axivon/core-authentication": {
      "resolved": "modules/core/authentication",
      "link": true
    },
    "node_modules/@axivon/core-dashboard": {
      "resolved": "modules/core/dashboard",
      "link": true
    },
    "node_modules/@axivon/core-file-management": {
      "resolved": "modules/core/file-management",
      "link": true
    },
    "node_modules/@axivon/core-notifications": {
      "resolved": "modules/core/notifications",
      "link": true
    },
    "node_modules/@axivon/core-organization-management": {
      "resolved": "modules/core/organization-management",
      "link": true
    },
    "node_modules/@axivon/core-permission-management": {
      "resolved": "modules/core/permission-management",
      "link": true
    },
    "node_modules/@axivon/core-reporting-foundation": {
      "resolved": "modules/core/reporting-foundation",
      "link": true
    },
    "node_modules/@axivon/core-role-management": {
      "resolved": "modules/core/role-management",
      "link": true
    },
    "node_modules/@axivon/core-search": {
      "resolved": "modules/core/search",
      "link": true
    },
    "node_modules/@axivon/core-settings": {
      "resolved": "modules/core/settings",
      "link": true
    },
    "node_modules/@axivon/core-user-management": {
      "resolved": "modules/core/user-management",
      "link": true
    },
    "node_modules/@axivon/frontend": {
      "resolved": "apps/frontend",
      "link": true
    },
    "node_modules/@axivon/types": {
      "resolved": "packages/types",
      "link": true
    },
    "node_modules/@axivon/ui": {
      "resolved": "packages/ui",
      "link": true
    },
    "node_modules/@axivon/utils": {
      "resolved": "packages/utils",
      "link": true
    },
    "node_modules/@axivon/validation": {
      "resolved": "packages/validation",
      "link": true
    },
    "node_modules/@types/node": {
      "version": "20.19.43",
      "resolved": "https://registry.npmjs.org/@types/node/-/node-20.19.43.tgz",
      "integrity": "sha512-6oYBAi5ikg4Pl+kGsoYtawUMBT2zZMCvPNF7pVLnHZfd1zf38DRiWn/gT01RYCdUqkv7Fhr+C9ot4/tb+2sVvA==",
      "dev": true,
      "license": "MIT",
      "dependencies": {
        "undici-types": "~6.21.0"
      }
    },
    "node_modules/typescript": {
      "version": "5.9.3",
      "resolved": "https://registry.npmjs.org/typescript/-/typescript-5.9.3.tgz",
      "integrity": "sha512-jl1vZzPDinLr9eUt3J/t7V6FgNEw9QjvBPdysz9KfQDD41fQrC2Y4vKQdiaUpFT4bXlb1RHhLpp8wtm6M5TgSw==",
      "dev": true,
      "license": "Apache-2.0",
      "bin": {
        "tsc": "bin/tsc",
        "tsserver": "bin/tsserver"
      },
      "engines": {
        "node": ">=14.17"
      }
    },
    "node_modules/undici-types": {
      "version": "6.21.0",
      "resolved": "https://registry.npmjs.org/undici-types/-/undici-types-6.21.0.tgz",
      "integrity": "sha512-iwDZqg0QAGrg9Rav5H4n0M64c3mkR59cJ6wQp+7C4nI0gsmExaedaYLNO44eT4AtBBwjbTiGPMlt2Md0T9H9JQ==",
      "dev": true,
      "license": "MIT"
    },
    "packages/config": {
      "name": "@axivon/config",
      "version": "1.0.0-phase1.0"
    },
    "packages/types": {
      "name": "@axivon/types",
      "version": "1.0.0-phase1.0"
    },
    "packages/ui": {
      "name": "@axivon/ui",
      "version": "1.0.0-phase1.0"
    },
    "packages/utils": {
      "name": "@axivon/utils",
      "version": "1.0.0-phase1.0"
    },
    "packages/validation": {
      "name": "@axivon/validation",
      "version": "1.0.0-phase1.0"
    }
  }
}
